
Microsoft Visual Studio Solution File, Format Version 12.00
# Visual Studio 2013
VisualStudioVersion = 12.0.40629.0
MinimumVisualStudioVersion = 10.0.40219.1
Project("{FAE04EC0-301F-11D3-BF4B-00C04F79EFBC}") = "pinpiece.api.Tests", "pinpiece.api.Tests\pinpiece.api.Tests.csproj", "{6B335E13-E1C0-4198-B803-FA0006E20A70}"
EndProject
Project("{FAE04EC0-301F-11D3-BF4B-00C04F79EFBC}") = "pinpiece.api", "pinpiece.api\pinpiece.api.csproj", "{EE0402CF-D44C-4E78-9327-F152D482D625}"
EndProject
Project("{FAE04EC0-301F-11D3-BF4B-00C04F79EFBC}") = "pinpiece.web", "pinpiece.web\pinpiece.web.csproj", "{DA8380EA-8B2C-4D72-892C-706943C278EF}"
EndProject
Global
	GlobalSection(SolutionConfigurationPlatforms) = preSolution
		Debug|Any CPU = Debug|Any CPU
		Release|Any CPU = Release|Any CPU
	EndGlobalSection
	GlobalSection(ProjectConfigurationPlatforms) = postSolution
		{6B335E13-E1C0-4198-B803-FA0006E20A70}.Debug|Any CPU.ActiveCfg = Debug|Any CPU
		{6B335E13-E1C0-4198-B803-FA0006E20A70}.Debug|Any CPU.Build.0 = Debug|Any CPU
		{6B335E13-E1C0-4198-B803-FA0006E20A70}.Release|Any CPU.ActiveCfg = Release|Any CPU
		{6B335E13-E1C0-4198-B803-FA0006E20A70}.Release|Any CPU.Build.0 = Release|Any CPU
		{EE0402CF-D44C-4E78-9327-F152D482D625}.Debug|Any CPU.ActiveCfg = Debug|Any CPU
		{EE0402CF-D44C-4E78-9327-F152D482D625}.Debug|Any CPU.Build.0 = Debug|Any CPU
		{EE0402CF-D44C-4E78-9327-F152D482D625}.Release|Any CPU.ActiveCfg = Release|Any CPU
		{EE0402CF-D44C-4E78-9327-F152D482D625}.Release|Any CPU.Build.0 = Release|Any CPU
		{DA8380EA-8B2C-4D72-892C-706943C278EF}.Debug|Any CPU.ActiveCfg = Debug|Any CPU
		{DA8380EA-8B2C-4D72-892C-706943C278EF}.Debug|Any CPU.Build.0 = Debug|Any CPU
		{DA8380EA-8B2C-4D72-892C-706943C278EF}.Release|Any CPU.ActiveCfg = Release|Any CPU
		{DA8380EA-8B2C-4D72-892C-706943C278EF}.Release|Any CPU.Build.0 = Release|Any CPU
	EndGlobalSection
	GlobalSection(SolutionProperties) = preSolution
		HideSolutionNode = FALSE
	EndGlobalSection
EndGlobal
